
Microsoft Visual Studio Solution File, Format Version 12.00
Project("{FAE04EC0-301F-11D3-BF4B-00C04F79EFBC}") = "Dashboard.API", "Dashboard.API\Dashboard.API.csproj", "{98D37904-1963-4E69-AB78-3200329D62D8}"
EndProject
Project("{FAE04EC0-301F-11D3-BF4B-00C04F79EFBC}") = "Dashboard.Test", "Dashboard.Test\Dashboard.Test.csproj", "{F04F6E20-29E8-46C0-982C-793FD1110C29}"
EndProject
Global
	GlobalSection(SolutionConfigurationPlatforms) = preSolution
		Debug|Any CPU = Debug|Any CPU
		Release|Any CPU = Release|Any CPU
	EndGlobalSection
	GlobalSection(ProjectConfigurationPlatforms) = postSolution
		{98D37904-1963-4E69-AB78-3200329D62D8}.Debug|Any CPU.ActiveCfg = Debug|Any CPU
		{98D37904-1963-4E69-AB78-3200329D62D8}.Debug|Any CPU.Build.0 = Debug|Any CPU
		{98D37904-1963-4E69-AB78-3200329D62D8}.Release|Any CPU.ActiveCfg = Release|Any CPU
		{98D37904-1963-4E69-AB78-3200329D62D8}.Release|Any CPU.Build.0 = Release|Any CPU
		{F04F6E20-29E8-46C0-982C-793FD1110C29}.Debug|Any CPU.ActiveCfg = Debug|Any CPU
		{F04F6E20-29E8-46C0-982C-793FD1110C29}.Debug|Any CPU.Build.0 = Debug|Any CPU
		{F04F6E20-29E8-46C0-982C-793FD1110C29}.Release|Any CPU.ActiveCfg = Release|Any CPU
		{F04F6E20-29E8-46C0-982C-793FD1110C29}.Release|Any CPU.Build.0 = Release|Any CPU
	EndGlobalSection
EndGlobal
